
Microsoft Visual Studio Solution File, Format Version 12.00
# Visual Studio Version 17
VisualStudioVersion = 17.5.33627.172
MinimumVisualStudioVersion = 10.0.40219.1
Project("{2150E333-8FDC-42A3-9474-1A3956D46DE8}") = "Domain", "Domain", "{A9A3A47A-8A58-4A83-8093-096304E7CD70}"
EndProject
Project("{2150E333-8FDC-42A3-9474-1A3956D46DE8}") = "Infra.Bus", "Infra.Bus", "{E8284587-F432-4758-9EFA-CFEBC889781F}"
EndProject
Project("{2150E333-8FDC-42A3-9474-1A3956D46DE8}") = "Infra.IoC", "Infra.IoC", "{91262442-237E-4B76-9717-0B0952BF0326}"
EndProject
Project("{2150E333-8FDC-42A3-9474-1A3956D46DE8}") = "Microservices", "Microservices", "{A4935FB0-EB72-44C1-98CC-47B726C84F6E}"
EndProject
Project("{2150E333-8FDC-42A3-9474-1A3956D46DE8}") = "Presentation", "Presentation", "{9A38E19E-9395-4714-88CD-D736A1D30060}"
EndProject
Project("{9A19103F-16F7-4668-BE54-9A1E7A4F7556}") = "MicroRabbit.Domain.Core", "MicroRabbit.Domain.Core\MicroRabbit.Domain.Core.csproj", "{3FC0647B-DA0B-4C21-BE98-E871F4ADE993}"
EndProject
Project("{9A19103F-16F7-4668-BE54-9A1E7A4F7556}") = "MicroRabbit.Infra.Bus", "MicroRabbit.Infra.Bus\MicroRabbit.Infra.Bus.csproj", "{F98F7F3D-BD9C-488C-A680-E4F0C8C6235C}"
EndProject
Project("{9A19103F-16F7-4668-BE54-9A1E7A4F7556}") = "MicroRabbit.Infra.IoC", "MicroRabbit.Infra.IoC\MicroRabbit.Infra.IoC.csproj", "{D8148D18-7F87-42CC-A98C-5F806E91EC4A}"
EndProject
Project("{2150E333-8FDC-42A3-9474-1A3956D46DE8}") = "Banking", "Banking", "{9B389BE9-8A19-4ECD-AB07-19888D9EACA9}"
EndProject
Project("{2150E333-8FDC-42A3-9474-1A3956D46DE8}") = "API", "API", "{D03F1BB6-9486-4BAA-9579-A86000555E8D}"
EndProject
Project("{2150E333-8FDC-42A3-9474-1A3956D46DE8}") = "Domain", "Domain", "{0100AAEF-9FD8-4C55-999D-4980B1B75DDC}"
EndProject
Project("{2150E333-8FDC-42A3-9474-1A3956D46DE8}") = "Application", "Application", "{A332EDB6-8161-448E-A36A-0ED492B4E3B3}"
EndProject
Project("{2150E333-8FDC-42A3-9474-1A3956D46DE8}") = "Data", "Data", "{33243933-0B3C-4029-BA3B-88D06C77AFE6}"
EndProject
Project("{9A19103F-16F7-4668-BE54-9A1E7A4F7556}") = "MicroRabbit.Banking.API", "MicroRabbit.Banking.API\MicroRabbit.Banking.API.csproj", "{606A5252-C68E-4F7E-9786-3695A86DC3FD}"
EndProject
Project("{9A19103F-16F7-4668-BE54-9A1E7A4F7556}") = "MicroRabbit.Banking.Aplication", "MicroRabbit.Banking.Aplication\MicroRabbit.Banking.Aplication.csproj", "{1FF71701-1A76-43C2-B050-54C3E62AFCA9}"
EndProject
Project("{9A19103F-16F7-4668-BE54-9A1E7A4F7556}") = "MicroRabbit.Banking.Data", "MicroRabbit.Banking.Data\MicroRabbit.Banking.Data.csproj", "{298DCF63-AC2D-462F-8AB4-30AC1F861EDC}"
EndProject
Project("{9A19103F-16F7-4668-BE54-9A1E7A4F7556}") = "MicroRabbit.Banking.Domain", "MicroRabbit.Banking.Domain\MicroRabbit.Banking.Domain.csproj", "{1D707423-FE85-4253-82C5-0B5782F9D217}"
EndProject
Project("{2150E333-8FDC-42A3-9474-1A3956D46DE8}") = "Transfer", "Transfer", "{B0A750BF-9AD4-43F0-8AF8-0A8AF73CEA50}"
EndProject
Project("{2150E333-8FDC-42A3-9474-1A3956D46DE8}") = "Application", "Application", "{0FD2F995-5F62-4593-ACB2-DB3585BA9B15}"
EndProject
Project("{2150E333-8FDC-42A3-9474-1A3956D46DE8}") = "Data", "Data", "{F55B4CC4-8FBB-488C-BD25-F09F0CD24A68}"
EndProject
Project("{2150E333-8FDC-42A3-9474-1A3956D46DE8}") = "Domain", "Domain", "{D336944F-A3A3-47CE-A6A5-D58186E903CD}"
EndProject
Project("{9A19103F-16F7-4668-BE54-9A1E7A4F7556}") = "MicroRabbit.Transfer.Domain", "MicroRabbit.Transfer.Domain\MicroRabbit.Transfer.Domain.csproj", "{80E24AB3-0A15-4C04-B1A9-E6BCCD9F1447}"
EndProject
Project("{9A19103F-16F7-4668-BE54-9A1E7A4F7556}") = "MicroRabbit.Transfer.Data", "MicroRabbit.Transfer.Data\MicroRabbit.Transfer.Data.csproj", "{1068465B-1C21-4E0F-B563-5ACFC32B78BD}"
EndProject
Project("{9A19103F-16F7-4668-BE54-9A1E7A4F7556}") = "MicroRabbit.Transfer.Application", "MicroRabbit.Transfer.Application\MicroRabbit.Transfer.Application.csproj", "{836142E4-78DF-4ACF-901D-E55507BDC8B1}"
EndProject
Project("{2150E333-8FDC-42A3-9474-1A3956D46DE8}") = "API", "API", "{92CA054A-CDA8-47EA-91D9-D715159EB72C}"
EndProject
Project("{9A19103F-16F7-4668-BE54-9A1E7A4F7556}") = "MicroRabbit.Transfer.API", "MicroRabbit.Transfer.API\MicroRabbit.Transfer.API.csproj", "{1F405F16-A6B9-4275-B8C1-0CC068A6D9F1}"
EndProject
Project("{9A19103F-16F7-4668-BE54-9A1E7A4F7556}") = "MicroRabbit.Presentation.MVC", "MicroRabbit.Presentation.MVC\MicroRabbit.Presentation.MVC.csproj", "{9AB452B7-C7B5-46AD-81D7-5A9CB1D04A9E}"
EndProject
Global
	GlobalSection(SolutionConfigurationPlatforms) = preSolution
		Debug|Any CPU = Debug|Any CPU
		Release|Any CPU = Release|Any CPU
	EndGlobalSection
	GlobalSection(ProjectConfigurationPlatforms) = postSolution
		{3FC0647B-DA0B-4C21-BE98-E871F4ADE993}.Debug|Any CPU.ActiveCfg = Debug|Any CPU
		{3FC0647B-DA0B-4C21-BE98-E871F4ADE993}.Debug|Any CPU.Build.0 = Debug|Any CPU
		{3FC0647B-DA0B-4C21-BE98-E871F4ADE993}.Release|Any CPU.ActiveCfg = Release|Any CPU
		{3FC0647B-DA0B-4C21-BE98-E871F4ADE993}.Release|Any CPU.Build.0 = Release|Any CPU
		{F98F7F3D-BD9C-488C-A680-E4F0C8C6235C}.Debug|Any CPU.ActiveCfg = Debug|Any CPU
		{F98F7F3D-BD9C-488C-A680-E4F0C8C6235C}.Debug|Any CPU.Build.0 = Debug|Any CPU
		{F98F7F3D-BD9C-488C-A680-E4F0C8C6235C}.Release|Any CPU.ActiveCfg = Release|Any CPU
		{F98F7F3D-BD9C-488C-A680-E4F0C8C6235C}.Release|Any CPU.Build.0 = Release|Any CPU
		{D8148D18-7F87-42CC-A98C-5F806E91EC4A}.Debug|Any CPU.ActiveCfg = Debug|Any CPU
		{D8148D18-7F87-42CC-A98C-5F806E91EC4A}.Debug|Any CPU.Build.0 = Debug|Any CPU
		{D8148D18-7F87-42CC-A98C-5F806E91EC4A}.Release|Any CPU.ActiveCfg = Release|Any CPU
		{D8148D18-7F87-42CC-A98C-5F806E91EC4A}.Release|Any CPU.Build.0 = Release|Any CPU
		{606A5252-C68E-4F7E-9786-3695A86DC3FD}.Debug|Any CPU.ActiveCfg = Debug|Any CPU
		{606A5252-C68E-4F7E-9786-3695A86DC3FD}.Debug|Any CPU.Build.0 = Debug|Any CPU
		{606A5252-C68E-4F7E-9786-3695A86DC3FD}.Release|Any CPU.ActiveCfg = Release|Any CPU
		{606A5252-C68E-4F7E-9786-3695A86DC3FD}.Release|Any CPU.Build.0 = Release|Any CPU
		{1FF71701-1A76-43C2-B050-54C3E62AFCA9}.Debug|Any CPU.ActiveCfg = Debug|Any CPU
		{1FF71701-1A76-43C2-B050-54C3E62AFCA9}.Debug|Any CPU.Build.0 = Debug|Any CPU
		{1FF71701-1A76-43C2-B050-54C3E62AFCA9}.Release|Any CPU.ActiveCfg = Release|Any CPU
		{1FF71701-1A76-43C2-B050-54C3E62AFCA9}.Release|Any CPU.Build.0 = Release|Any CPU
		{298DCF63-AC2D-462F-8AB4-30AC1F861EDC}.Debug|Any CPU.ActiveCfg = Debug|Any CPU
		{298DCF63-AC2D-462F-8AB4-30AC1F861EDC}.Debug|Any CPU.Build.0 = Debug|Any CPU
		{298DCF63-AC2D-462F-8AB4-30AC1F861EDC}.Release|Any CPU.ActiveCfg = Release|Any CPU
		{298DCF63-AC2D-462F-8AB4-30AC1F861EDC}.Release|Any CPU.Build.0 = Release|Any CPU
		{1D707423-FE85-4253-82C5-0B5782F9D217}.Debug|Any CPU.ActiveCfg = Debug|Any CPU
		{1D707423-FE85-4253-82C5-0B5782F9D217}.Debug|Any CPU.Build.0 = Debug|Any CPU
		{1D707423-FE85-4253-82C5-0B5782F9D217}.Release|Any CPU.ActiveCfg = Release|Any CPU
		{1D707423-FE85-4253-82C5-0B5782F9D217}.Release|Any CPU.Build.0 = Release|Any CPU
		{80E24AB3-0A15-4C04-B1A9-E6BCCD9F1447}.Debug|Any CPU.ActiveCfg = Debug|Any CPU
		{80E24AB3-0A15-4C04-B1A9-E6BCCD9F1447}.Debug|Any CPU.Build.0 = Debug|Any CPU
		{80E24AB3-0A15-4C04-B1A9-E6BCCD9F1447}.Release|Any CPU.ActiveCfg = Release|Any CPU
		{80E24AB3-0A15-4C04-B1A9-E6BCCD9F1447}.Release|Any CPU.Build.0 = Release|Any CPU
		{1068465B-1C21-4E0F-B563-5ACFC32B78BD}.Debug|Any CPU.ActiveCfg = Debug|Any CPU
		{1068465B-1C21-4E0F-B563-5ACFC32B78BD}.Debug|Any CPU.Build.0 = Debug|Any CPU
		{1068465B-1C21-4E0F-B563-5ACFC32B78BD}.Release|Any CPU.ActiveCfg = Release|Any CPU
		{1068465B-1C21-4E0F-B563-5ACFC32B78BD}.Release|Any CPU.Build.0 = Release|Any CPU
		{836142E4-78DF-4ACF-901D-E55507BDC8B1}.Debug|Any CPU.ActiveCfg = Debug|Any CPU
		{836142E4-78DF-4ACF-901D-E55507BDC8B1}.Debug|Any CPU.Build.0 = Debug|Any CPU
		{836142E4-78DF-4ACF-901D-E55507BDC8B1}.Release|Any CPU.ActiveCfg = Release|Any CPU
		{836142E4-78DF-4ACF-901D-E55507BDC8B1}.Release|Any CPU.Build.0 = Release|Any CPU
		{1F405F16-A6B9-4275-B8C1-0CC068A6D9F1}.Debug|Any CPU.ActiveCfg = Debug|Any CPU
		{1F405F16-A6B9-4275-B8C1-0CC068A6D9F1}.Debug|Any CPU.Build.0 = Debug|Any CPU
		{1F405F16-A6B9-4275-B8C1-0CC068A6D9F1}.Release|Any CPU.ActiveCfg = Release|Any CPU
		{1F405F16-A6B9-4275-B8C1-0CC068A6D9F1}.Release|Any CPU.Build.0 = Release|Any CPU
		{9AB452B7-C7B5-46AD-81D7-5A9CB1D04A9E}.Debug|Any CPU.ActiveCfg = Debug|Any CPU
		{9AB452B7-C7B5-46AD-81D7-5A9CB1D04A9E}.Debug|Any CPU.Build.0 = Debug|Any CPU
		{9AB452B7-C7B5-46AD-81D7-5A9CB1D04A9E}.Release|Any CPU.ActiveCfg = Release|Any CPU
		{9AB452B7-C7B5-46AD-81D7-5A9CB1D04A9E}.Release|Any CPU.Build.0 = Release|Any CPU
	EndGlobalSection
	GlobalSection(SolutionProperties) = preSolution
		HideSolutionNode = FALSE
	EndGlobalSection
	GlobalSection(NestedProjects) = preSolution
		{3FC0647B-DA0B-4C21-BE98-E871F4ADE993} = {A9A3A47A-8A58-4A83-8093-096304E7CD70}
		{F98F7F3D-BD9C-488C-A680-E4F0C8C6235C} = {E8284587-F432-4758-9EFA-CFEBC889781F}
		{D8148D18-7F87-42CC-A98C-5F806E91EC4A} = {91262442-237E-4B76-9717-0B0952BF0326}
		{9B389BE9-8A19-4ECD-AB07-19888D9EACA9} = {A4935FB0-EB72-44C1-98CC-47B726C84F6E}
		{D03F1BB6-9486-4BAA-9579-A86000555E8D} = {9B389BE9-8A19-4ECD-AB07-19888D9EACA9}
		{0100AAEF-9FD8-4C55-999D-4980B1B75DDC} = {9B389BE9-8A19-4ECD-AB07-19888D9EACA9}
		{A332EDB6-8161-448E-A36A-0ED492B4E3B3} = {9B389BE9-8A19-4ECD-AB07-19888D9EACA9}
		{33243933-0B3C-4029-BA3B-88D06C77AFE6} = {9B389BE9-8A19-4ECD-AB07-19888D9EACA9}
		{606A5252-C68E-4F7E-9786-3695A86DC3FD} = {D03F1BB6-9486-4BAA-9579-A86000555E8D}
		{1FF71701-1A76-43C2-B050-54C3E62AFCA9} = {A332EDB6-8161-448E-A36A-0ED492B4E3B3}
		{298DCF63-AC2D-462F-8AB4-30AC1F861EDC} = {33243933-0B3C-4029-BA3B-88D06C77AFE6}
		{1D707423-FE85-4253-82C5-0B5782F9D217} = {0100AAEF-9FD8-4C55-999D-4980B1B75DDC}
		{B0A750BF-9AD4-43F0-8AF8-0A8AF73CEA50} = {A4935FB0-EB72-44C1-98CC-47B726C84F6E}
		{0FD2F995-5F62-4593-ACB2-DB3585BA9B15} = {B0A750BF-9AD4-43F0-8AF8-0A8AF73CEA50}
		{F55B4CC4-8FBB-488C-BD25-F09F0CD24A68} = {B0A750BF-9AD4-43F0-8AF8-0A8AF73CEA50}
		{D336944F-A3A3-47CE-A6A5-D58186E903CD} = {B0A750BF-9AD4-43F0-8AF8-0A8AF73CEA50}
		{80E24AB3-0A15-4C04-B1A9-E6BCCD9F1447} = {D336944F-A3A3-47CE-A6A5-D58186E903CD}
		{1068465B-1C21-4E0F-B563-5ACFC32B78BD} = {F55B4CC4-8FBB-488C-BD25-F09F0CD24A68}
		{836142E4-78DF-4ACF-901D-E55507BDC8B1} = {0FD2F995-5F62-4593-ACB2-DB3585BA9B15}
		{92CA054A-CDA8-47EA-91D9-D715159EB72C} = {B0A750BF-9AD4-43F0-8AF8-0A8AF73CEA50}
		{1F405F16-A6B9-4275-B8C1-0CC068A6D9F1} = {92CA054A-CDA8-47EA-91D9-D715159EB72C}
		{9AB452B7-C7B5-46AD-81D7-5A9CB1D04A9E} = {9A38E19E-9395-4714-88CD-D736A1D30060}
	EndGlobalSection
	GlobalSection(ExtensibilityGlobals) = postSolution
		SolutionGuid = {906D341C-2DF8-4203-AF38-76EECC1AD48C}
	EndGlobalSection
EndGlobal
